PODS:
  - Expecta (1.0.6)
  - Masonry (1.1.0)
  - "Masonry+LayoutGuideExt (0.1.0)":
    - Masonry

DEPENDENCIES:
  - Expecta
  - "Masonry+LayoutGuideExt (from `../`)"

SPEC REPOS:
  trunk:
    - Expecta
    - Masonry

EXTERNAL SOURCES:
  "Masonry+LayoutGuideExt":
    :path: "../"

SPEC CHECKSUMS:
  Expecta: 3b6bd90a64b9a1dcb0b70aa0e10a7f8f631667d5
  Masonry: 678fab65091a9290e40e2832a55e7ab731aad201
  "Masonry+LayoutGuideExt": 37e5f07a3afec5da37dc6241b524f83c47261dc3

PODFILE CHECKSUM: da342b98790c656fdcee2128e0882bb1712e532f

COCOAPODS: 1.9.3
